
Microsoft Visual Studio Solution File, Format Version 12.00
# Visual Studio Version 16
VisualStudioVersion = 16.0.31005.135
MinimumVisualStudioVersion = 10.0.40219.1
Project("{FAE04EC0-301F-11D3-BF4B-00C04F79EFBC}") = "OkulNot", "OkulNot\OkulNot.csproj", "{36DC1D41-6386-470F-8858-E95CF30D7053}"
EndProject
Global
	GlobalSection(SolutionConfigurationPlatforms) = preSolution
		Debug|Any CPU = Debug|Any CPU
		Release|Any CPU = Release|Any CPU
	EndGlobalSection
	GlobalSection(ProjectConfigurationPlatforms) = postSolution
		{36DC1D41-6386-470F-8858-E95CF30D7053}.Debug|Any CPU.ActiveCfg = Debug|Any CPU
		{36DC1D41-6386-470F-8858-E95CF30D7053}.Debug|Any CPU.Build.0 = Debug|Any CPU
		{36DC1D41-6386-470F-8858-E95CF30D7053}.Release|Any CPU.ActiveCfg = Release|Any CPU
		{36DC1D41-6386-470F-8858-E95CF30D7053}.Release|Any CPU.Build.0 = Release|Any CPU
	EndGlobalSection
	GlobalSection(SolutionProperties) = preSolution
		HideSolutionNode = FALSE
	EndGlobalSection
	GlobalSection(ExtensibilityGlobals) = postSolution
		SolutionGuid = {0CDEEDEF-F552-4D1B-8861-A18EDECFA038}
	EndGlobalSection
EndGlobal
